// !$*UTF8*$!
{
	archiveVersion = 1;
	classes = {
	};
	objectVersion = 46;
	objects = {

/* Begin PBXBuildFile section */
		947D077C1D0058E00026D7A4 /* WhatColourIsIt.saver in Resources */ = {isa = PBXBuildFile; fileRef = 9488949E1A41DC030053A149 /* WhatColourIsIt.saver */; };
		948894A41A41DC030053A149 /* WhatColourIsItView.h in Headers */ = {isa = PBXBuildFile; fileRef = 948894A31A41DC030053A149 /* WhatColourIsItView.h */; };
		948894A61A41DC030053A149 /* WhatColourIsItView.m in Sources */ = {isa = PBXBuildFile; fileRef = 948894A51A41DC030053A149 /* WhatColourIsItView.m */; };
/* End PBXBuildFile section */

/* Begin PBXFileReference section */
		9488949E1A41DC030053A149 /* WhatColourIsIt.saver */ = {isa = PBXFileReference; explicitFileType = wrapper.cfbundle; includeInIndex = 0; path = WhatColourIsIt.saver; sourceTree = BUILT_PRODUCTS_DIR; };
		948894A21A41DC030053A149 /* Info.plist */ = {isa = PBXFileReference; lastKnownFileType = text.plist.xml; path = Info.plist; sourceTree = "<group>"; };
		948894A31A41DC030053A149 /* WhatColourIsItView.h */ = {isa = PBXFileReference; lastKnownFileType = sourcecode.c.h; path = WhatColourIsItView.h; sourceTree = "<group>"; };
		948894A51A41DC030053A149 /* WhatColourIsItView.m */ = {isa = PBXFileReference; lastKnownFileType = sourcecode.c.objc; path = WhatColourIsItView.m; sourceTree = "<group>"; };
/* End PBXFileReference section */

/* Begin PBXFrameworksBuildPhase section */
		9488949A1A41DC030053A149 /* Frameworks */ = {
			isa = PBXFrameworksBuildPhase;
			buildActionMask = 2147483647;
			files = (
			);
			runOnlyForDeploymentPostprocessing = 0;
		};
/* End PBXFrameworksBuildPhase section */

/* Begin PBXGroup section */
		948894941A41DC030053A149 = {
			isa = PBXGroup;
			children = (
				948894A01A41DC030053A149 /* WhatColourIsIt */,
				9488949F1A41DC030053A149 /* Products */,
			);
			sourceTree = "<group>";
		};
		9488949F1A41DC030053A149 /* Products */ = {
			isa = PBXGroup;
			children = (
				9488949E1A41DC030053A149 /* WhatColourIsIt.saver */,
			);
			name = Products;
			sourceTree = "<group>";
		};
		948894A01A41DC030053A149 /* WhatColourIsIt */ = {
			isa = PBXGroup;
			children = (
				948894A31A41DC030053A149 /* WhatColourIsItView.h */,
				948894A51A41DC030053A149 /* WhatColourIsItView.m */,
				948894A11A41DC030053A149 /* Supporting Files */,
			);
			path = WhatColourIsIt;
			sourceTree = "<group>";
		};
		948894A11A41DC030053A149 /* Supporting Files */ = {
			isa = PBXGroup;
			children = (
				948894A21A41DC030053A149 /* Info.plist */,
			);
			name = "Supporting Files";
			sourceTree = "<group>";
		};
/* End PBXGroup section */

/* Begin PBXHeadersBuildPhase section */
		9488949B1A41DC030053A149 /* Headers */ = {
			isa = PBXHeadersBuildPhase;
			buildActionMask = 2147483647;
			files = (
				948894A41A41DC030053A149 /* WhatColourIsItView.h in Headers */,
			);
			runOnlyForDeploymentPostprocessing = 0;
		};
/* End PBXHeadersBuildPhase section */

/* Begin PBXNativeTarget section */
		9488949D1A41DC030053A149 /* WhatColourIsIt */ = {
			isa = PBXNativeTarget;
			buildConfigurationList = 948894A91A41DC030053A149 /* Build configuration list for PBXNativeTarget "WhatColourIsIt" */;
			buildPhases = (
				948894991A41DC030053A149 /* Sources */,
				9488949A1A41DC030053A149 /* Frameworks */,
				9488949B1A41DC030053A149 /* Headers */,
				9488949C1A41DC030053A149 /* Resources */,
			);
			buildRules = (
			);
			dependencies = (
			);
			name = WhatColourIsIt;
			productName = WhatColourIsIt;
			productReference = 9488949E1A41DC030053A149 /* WhatColourIsIt.saver */;
			productType = "com.apple.product-type.bundle";
		};
/* End PBXNativeTarget section */

/* Begin PBXProject section */
		948894951A41DC030053A149 /* Project object */ = {
			isa = PBXProject;
			attributes = {
				LastUpgradeCheck = 0730;
				ORGANIZATIONNAME = "Tuncay Kınalı";
				TargetAttributes = {
					9488949D1A41DC030053A149 = {
						CreatedOnToolsVersion = 6.1;
					};
				};
			};
			buildConfigurationList = 948894981A41DC030053A149 /* Build configuration list for PBXProject "WhatColourIsIt" */;
			compatibilityVersion = "Xcode 3.2";
			developmentRegion = English;
			hasScannedForEncodings = 0;
			knownRegions = (
				en,
			);
			mainGroup = 948894941A41DC030053A149;
			productRefGroup = 9488949F1A41DC030053A149 /* Products */;
			projectDirPath = "";
			projectRoot = "";
			targets = (
				9488949D1A41DC030053A149 /* WhatColourIsIt */,
			);
		};
/* End PBXProject section */

/* Begin PBXResourcesBuildPhase section */
		9488949C1A41DC030053A149 /* Resources */ = {
			isa = PBXResourcesBuildPhase;
			buildActionMask = 2147483647;
			files = (
				947D077C1D0058E00026D7A4 /* WhatColourIsIt.saver in Resources */,
			);
			runOnlyForDeploymentPostprocessing = 0;
		};
/* End PBXResourcesBuildPhase section */

/* Begin PBXSourcesBuildPhase section */
		948894991A41DC030053A149 /* Sources */ = {
			isa = PBXSourcesBuildPhase;
			buildActionMask = 2147483647;
			files = (
				948894A61A41DC030053A149 /* WhatColourIsItView.m in Sources */,
			);
			runOnlyForDeploymentPostprocessing = 0;
		};
/* End PBXSourcesBuildPhase section */

/* Begin XCBuildConfiguration section */
		948894A71A41DC030053A149 /* Debug */ = {
			isa = XCBuildConfiguration;
			buildSettings = {
				ALWAYS_SEARCH_USER_PATHS = NO;
				CLANG_CXX_LANGUAGE_STANDARD = "gnu++0x";
				CLANG_CXX_LIBRARY = "libc++";
				CLANG_ENABLE_MODULES = YES;
				CLANG_ENABLE_OBJC_ARC = YES;
				CLANG_WARN_BOOL_CONVERSION = YES;
				CLANG_WARN_CONSTANT_CONVERSION = YES;
				CLANG_WARN_DIRECT_OBJC_ISA_USAGE = YES_ERROR;
				CLANG_WARN_EMPTY_BODY = YES;
				CLANG_WARN_ENUM_CONVERSION = YES;
				CLANG_WARN_INT_CONVERSION = YES;
				CLANG_WARN_OBJC_ROOT_CLASS = YES_ERROR;
				CLANG_WARN_UNREACHABLE_CODE = YES;
				CLANG_WARN__DUPLICATE_METHOD_MATCH = YES;
				COPY_PHASE_STRIP = NO;
				ENABLE_STRICT_OBJC_MSGSEND = YES;
				ENABLE_TESTABILITY = YES;
				GCC_C_LANGUAGE_STANDARD = gnu99;
				GCC_DYNAMIC_NO_PIC = NO;
				GCC_OPTIMIZATION_LEVEL = 0;
				GCC_PREPROCESSOR_DEFINITIONS = (
					"DEBUG=1",
					"$(inherited)",
				);
				GCC_SYMBOLS_PRIVATE_EXTERN = NO;
				GCC_WARN_64_TO_32_BIT_CONVERSION = YES;
				GCC_WARN_ABOUT_RETURN_TYPE = YES_ERROR;
				GCC_WARN_UNDECLARED_SELECTOR = YES;
				GCC_WARN_UNINITIALIZED_AUTOS = YES_AGGRESSIVE;
				GCC_WARN_UNUSED_FUNCTION = YES;
				GCC_WARN_UNUSED_VARIABLE = YES;
				MACOSX_DEPLOYMENT_TARGET = 10.6;
				MTL_ENABLE_DEBUG_INFO = YES;
				ONLY_ACTIVE_ARCH = YES;
				SDKROOT = macosx;
			};
			name = Debug;
		};
		948894A81A41DC030053A149 /* Release */ = {
			isa = XCBuildConfiguration;
			buildSettings = {
				ALWAYS_SEARCH_USER_PATHS = NO;
				CLANG_CXX_LANGUAGE_STANDARD = "gnu++0x";
				CLANG_CXX_LIBRARY = "libc++";
				CLANG_ENABLE_MODULES = YES;
				CLANG_ENABLE_OBJC_ARC = YES;
				CLANG_WARN_BOOL_CONVERSION = YES;
				CLANG_WARN_CONSTANT_CONVERSION = YES;
				CLANG_WARN_DIRECT_OBJC_ISA_USAGE = YES_ERROR;
				CLANG_WARN_EMPTY_BODY = YES;
				CLANG_WARN_ENUM_CONVERSION = YES;
				CLANG_WARN_INT_CONVERSION = YES;
				CLANG_WARN_OBJC_ROOT_CLASS = YES_ERROR;
				CLANG_WARN_UNREACHABLE_CODE = YES;
				CLANG_WARN__DUPLICATE_METHOD_MATCH = YES;
				COPY_PHASE_STRIP = YES;
				DEBUG_INFORMATION_FORMAT = "dwarf-with-dsym";
				ENABLE_NS_ASSERTIONS = NO;
				ENABLE_STRICT_OBJC_MSGSEND = YES;
				GCC_C_LANGUAGE_STANDARD = gnu99;
				GCC_WARN_64_TO_32_BIT_CONVERSION = YES;
				GCC_WARN_ABOUT_RETURN_TYPE = YES_ERROR;
				GCC_WARN_UNDECLARED_SELECTOR = YES;
				GCC_WARN_UNINITIALIZED_AUTOS = YES_AGGRESSIVE;
				GCC_WARN_UNUSED_FUNCTION = YES;
				GCC_WARN_UNUSED_VARIABLE = YES;
				MACOSX_DEPLOYMENT_TARGET = 10.6;
				MTL_ENABLE_DEBUG_INFO = NO;
				SDKROOT = macosx;
			};
			name = Release;
		};
		948894AA1A41DC030053A149 /* Debug */ = {
			isa = XCBuildConfiguration;
			buildSettings = {
				COMBINE_HIDPI_IMAGES = YES;
				INFOPLIST_FILE = WhatColourIsIt/Info.plist;
				INSTALL_PATH = "$(HOME)/Library/Screen Savers";
				PRODUCT_BUNDLE_IDENTIFIER = "com.krombera.$(PRODUCT_NAME:rfc1034identifier)";
				PRODUCT_NAME = "$(TARGET_NAME)";
				WRAPPER_EXTENSION = saver;
			};
			name = Debug;
		};
		948894AB1A41DC030053A149 /* Release */ = {
			isa = XCBuildConfiguration;
			buildSettings = {
				COMBINE_HIDPI_IMAGES = YES;
				INFOPLIST_FILE = WhatColourIsIt/Info.plist;
				INSTALL_PATH = "$(HOME)/Library/Screen Savers";
				PRODUCT_BUNDLE_IDENTIFIER = "com.krombera.$(PRODUCT_NAME:rfc1034identifier)";
				PRODUCT_NAME = "$(TARGET_NAME)";
				WRAPPER_EXTENSION = saver;
			};
			name = Release;
		};
/* End XCBuildConfiguration section */

/* Begin XCConfigurationList section */
		948894981A41DC030053A149 /* Build configuration list for PBXProject "WhatColourIsIt" */ = {
			isa = XCConfigurationList;
			buildConfigurations = (
				948894A71A41DC030053A149 /* Debug */,
				948894A81A41DC030053A149 /* Release */,
			);
			defaultConfigurationIsVisible = 0;
			defaultConfigurationName = Release;
		};
		948894A91A41DC030053A149 /* Build configuration list for PBXNativeTarget "WhatColourIsIt" */ = {
			isa = XCConfigurationList;
			buildConfigurations = (
				948894AA1A41DC030053A149 /* Debug */,
				948894AB1A41DC030053A149 /* Release */,
			);
			defaultConfigurationIsVisible = 0;
			defaultConfigurationName = Release;
		};
/* End XCConfigurationList section */
	};
	rootObject = 948894951A41DC030053A149 /* Project object */;
}
